
Microsoft Visual Studio Solution File, Format Version 12.00
# Visual Studio Version 17
VisualStudioVersion = 17.9.34511.98
MinimumVisualStudioVersion = 10.0.40219.1
Project("{FAE04EC0-301F-11D3-BF4B-00C04F79EFBC}") = "form-assistant", "form-assistant.csproj", "{BB6B6081-C73E-43BF-AE56-7DE726487C2B}"
EndProject
Global
	GlobalSection(SolutionConfigurationPlatforms) = preSolution
		Debug|Any CPU = Debug|Any CPU
		Release|Any CPU = Release|Any CPU
	EndGlobalSection
	GlobalSection(ProjectConfigurationPlatforms) = postSolution
		{BB6B6081-C73E-43BF-AE56-7DE726487C2B}.Debug|Any CPU.ActiveCfg = Debug|Any CPU
		{BB6B6081-C73E-43BF-AE56-7DE726487C2B}.Debug|Any CPU.Build.0 = Debug|Any CPU
		{BB6B6081-C73E-43BF-AE56-7DE726487C2B}.Release|Any CPU.ActiveCfg = Release|Any CPU
		{BB6B6081-C73E-43BF-AE56-7DE726487C2B}.Release|Any CPU.Build.0 = Release|Any CPU
	EndGlobalSection
	GlobalSection(SolutionProperties) = preSolution
		HideSolutionNode = FALSE
	EndGlobalSection
	GlobalSection(ExtensibilityGlobals) = postSolution
		SolutionGuid = {58C762BC-D9F2-4FEC-8741-E98115C8CAE9}
	EndGlobalSection
EndGlobal
