
Microsoft Visual Studio Solution File, Format Version 12.00
# Visual Studio Version 17
VisualStudioVersion = 17.0.31903.59
MinimumVisualStudioVersion = 10.0.40219.1
Project("{FAE04EC0-301F-11D3-BF4B-00C04F79EFBC}") = "Hiking-Benefits", "01-HikeSummary\Hiking-Benefits.csproj", "{33EF16E1-A012-4F0A-9545-3EA65EE2FD9A}"
EndProject
Project("{FAE04EC0-301F-11D3-BF4B-00C04F79EFBC}") = "HikerAI", "02-HikerAI\HikerAI.csproj", "{9DE74988-B019-4276-A99D-28999FC14D03}"
EndProject
Project("{FAE04EC0-301F-11D3-BF4B-00C04F79EFBC}") = "ChattingAboutMyHikes", "03-ChattingAboutMyHikes\ChattingAboutMyHikes.csproj", "{BAB4B723-FF79-4F78-B1B5-35959EEFB52F}"
EndProject
Project("{FAE04EC0-301F-11D3-BF4B-00C04F79EFBC}") = "HikeImages", "05-HikeImages\HikeImages.csproj", "{AEDE95A2-2723-41B2-9DC7-9EFBD3CD24C8}"
EndProject
Global
	GlobalSection(SolutionConfigurationPlatforms) = preSolution
		Debug|Any CPU = Debug|Any CPU
		Release|Any CPU = Release|Any CPU
	EndGlobalSection
	GlobalSection(SolutionProperties) = preSolution
		HideSolutionNode = FALSE
	EndGlobalSection
	GlobalSection(ProjectConfigurationPlatforms) = postSolution
		{33EF16E1-A012-4F0A-9545-3EA65EE2FD9A}.Debug|Any CPU.ActiveCfg = Debug|Any CPU
		{33EF16E1-A012-4F0A-9545-3EA65EE2FD9A}.Debug|Any CPU.Build.0 = Debug|Any CPU
		{33EF16E1-A012-4F0A-9545-3EA65EE2FD9A}.Release|Any CPU.ActiveCfg = Release|Any CPU
		{33EF16E1-A012-4F0A-9545-3EA65EE2FD9A}.Release|Any CPU.Build.0 = Release|Any CPU
		{9DE74988-B019-4276-A99D-28999FC14D03}.Debug|Any CPU.ActiveCfg = Debug|Any CPU
		{9DE74988-B019-4276-A99D-28999FC14D03}.Debug|Any CPU.Build.0 = Debug|Any CPU
		{9DE74988-B019-4276-A99D-28999FC14D03}.Release|Any CPU.ActiveCfg = Release|Any CPU
		{9DE74988-B019-4276-A99D-28999FC14D03}.Release|Any CPU.Build.0 = Release|Any CPU
		{BAB4B723-FF79-4F78-B1B5-35959EEFB52F}.Debug|Any CPU.ActiveCfg = Debug|Any CPU
		{BAB4B723-FF79-4F78-B1B5-35959EEFB52F}.Debug|Any CPU.Build.0 = Debug|Any CPU
		{BAB4B723-FF79-4F78-B1B5-35959EEFB52F}.Release|Any CPU.ActiveCfg = Release|Any CPU
		{BAB4B723-FF79-4F78-B1B5-35959EEFB52F}.Release|Any CPU.Build.0 = Release|Any CPU
		{AEDE95A2-2723-41B2-9DC7-9EFBD3CD24C8}.Debug|Any CPU.ActiveCfg = Debug|Any CPU
		{AEDE95A2-2723-41B2-9DC7-9EFBD3CD24C8}.Debug|Any CPU.Build.0 = Debug|Any CPU
		{AEDE95A2-2723-41B2-9DC7-9EFBD3CD24C8}.Release|Any CPU.ActiveCfg = Release|Any CPU
		{AEDE95A2-2723-41B2-9DC7-9EFBD3CD24C8}.Release|Any CPU.Build.0 = Release|Any CPU
	EndGlobalSection
EndGlobal
