
Microsoft Visual Studio Solution File, Format Version 12.00
# Visual Studio Version 17
VisualStudioVersion = 17.0.31903.59
MinimumVisualStudioVersion = 10.0.40219.1
Project("{FAE04EC0-301F-11D3-BF4B-00C04F79EFBC}") = "OllamaExamples", "OllamaExamples\OllamaExamples.csproj", "{6839312E-0D61-4B71-99EA-54F62C0B538A}"
EndProject
Project("{FAE04EC0-301F-11D3-BF4B-00C04F79EFBC}") = "OllamaWebAPI", "OllamaWebAPI\OllamaWebAPI.csproj", "{D0A6A10D-2687-43E8-BB68-CF420264A798}"
EndProject
Global
	GlobalSection(SolutionConfigurationPlatforms) = preSolution
		Debug|Any CPU = Debug|Any CPU
		Release|Any CPU = Release|Any CPU
	EndGlobalSection
	GlobalSection(SolutionProperties) = preSolution
		HideSolutionNode = FALSE
	EndGlobalSection
	GlobalSection(ProjectConfigurationPlatforms) = postSolution
		{6839312E-0D61-4B71-99EA-54F62C0B538A}.Debug|Any CPU.ActiveCfg = Debug|Any CPU
		{6839312E-0D61-4B71-99EA-54F62C0B538A}.Debug|Any CPU.Build.0 = Debug|Any CPU
		{6839312E-0D61-4B71-99EA-54F62C0B538A}.Release|Any CPU.ActiveCfg = Release|Any CPU
		{6839312E-0D61-4B71-99EA-54F62C0B538A}.Release|Any CPU.Build.0 = Release|Any CPU
		{D0A6A10D-2687-43E8-BB68-CF420264A798}.Debug|Any CPU.ActiveCfg = Debug|Any CPU
		{D0A6A10D-2687-43E8-BB68-CF420264A798}.Debug|Any CPU.Build.0 = Debug|Any CPU
		{D0A6A10D-2687-43E8-BB68-CF420264A798}.Release|Any CPU.ActiveCfg = Release|Any CPU
		{D0A6A10D-2687-43E8-BB68-CF420264A798}.Release|Any CPU.Build.0 = Release|Any CPU
	EndGlobalSection
EndGlobal
