
Microsoft Visual Studio Solution File, Format Version 12.00
# Visual Studio Version 17
VisualStudioVersion = 17.8.34511.84
MinimumVisualStudioVersion = 10.0.40219.1
Project("{FAE04EC0-301F-11D3-BF4B-00C04F79EFBC}") = "Torchsharp-llama", "Torchsharp-llama\Torchsharp-llama.csproj", "{D69F1EFE-51DC-4911-9AD6-858A20D85A15}"
EndProject
Global
	GlobalSection(SolutionConfigurationPlatforms) = preSolution
		Debug|Any CPU = Debug|Any CPU
		Release|Any CPU = Release|Any CPU
	EndGlobalSection
	GlobalSection(ProjectConfigurationPlatforms) = postSolution
		{D69F1EFE-51DC-4911-9AD6-858A20D85A15}.Debug|Any CPU.ActiveCfg = Debug|Any CPU
		{D69F1EFE-51DC-4911-9AD6-858A20D85A15}.Debug|Any CPU.Build.0 = Debug|Any CPU
		{D69F1EFE-51DC-4911-9AD6-858A20D85A15}.Release|Any CPU.ActiveCfg = Release|Any CPU
		{D69F1EFE-51DC-4911-9AD6-858A20D85A15}.Release|Any CPU.Build.0 = Release|Any CPU
	EndGlobalSection
	GlobalSection(SolutionProperties) = preSolution
		HideSolutionNode = FALSE
	EndGlobalSection
	GlobalSection(ExtensibilityGlobals) = postSolution
		SolutionGuid = {153F9D2A-FEAE-494C-9730-EC929B97E17C}
	EndGlobalSection
EndGlobal
