
Microsoft Visual Studio Solution File, Format Version 12.00
# Visual Studio Version 17
VisualStudioVersion = 17.0.31903.59
MinimumVisualStudioVersion = 10.0.40219.1
Project("{9A19103F-16F7-4668-BE54-9A1E7A4F7556}") = "01-HikeBenefitsSummary", "01-HikeBenefitsSummary\01-HikeBenefitsSummary.csproj", "{33EF16E1-A012-4F0A-9545-3EA65EE2FD9A}"
EndProject
Project("{9A19103F-16F7-4668-BE54-9A1E7A4F7556}") = "02-HikerAI", "02-HikerAI\02-HikerAI.csproj", "{9DE74988-B019-4276-A99D-28999FC14D03}"
EndProject
Project("{9A19103F-16F7-4668-BE54-9A1E7A4F7556}") = "03-ChattingAboutMyHikes", "03-ChattingAboutMyHikes\03-ChattingAboutMyHikes.csproj", "{BAB4B723-FF79-4F78-B1B5-35959EEFB52F}"
EndProject
Project("{9A19103F-16F7-4668-BE54-9A1E7A4F7556}") = "05-HikeImages", "05-HikeImages\05-HikeImages.csproj", "{AEDE95A2-2723-41B2-9DC7-9EFBD3CD24C8}"
EndProject
Project("{9A19103F-16F7-4668-BE54-9A1E7A4F7556}") = "04-HikerAIPro", "04-HikerAIPro\04-HikerAIPro.csproj", "{9122744F-C81C-4403-9C02-F371369262C6}"
EndProject
Global
	GlobalSection(SolutionConfigurationPlatforms) = preSolution
		Debug|Any CPU = Debug|Any CPU
		Release|Any CPU = Release|Any CPU
	EndGlobalSection
	GlobalSection(ProjectConfigurationPlatforms) = postSolution
		{33EF16E1-A012-4F0A-9545-3EA65EE2FD9A}.Debug|Any CPU.ActiveCfg = Debug|Any CPU
		{33EF16E1-A012-4F0A-9545-3EA65EE2FD9A}.Debug|Any CPU.Build.0 = Debug|Any CPU
		{33EF16E1-A012-4F0A-9545-3EA65EE2FD9A}.Release|Any CPU.ActiveCfg = Release|Any CPU
		{33EF16E1-A012-4F0A-9545-3EA65EE2FD9A}.Release|Any CPU.Build.0 = Release|Any CPU
		{9DE74988-B019-4276-A99D-28999FC14D03}.Debug|Any CPU.ActiveCfg = Debug|Any CPU
		{9DE74988-B019-4276-A99D-28999FC14D03}.Debug|Any CPU.Build.0 = Debug|Any CPU
		{9DE74988-B019-4276-A99D-28999FC14D03}.Release|Any CPU.ActiveCfg = Release|Any CPU
		{9DE74988-B019-4276-A99D-28999FC14D03}.Release|Any CPU.Build.0 = Release|Any CPU
		{BAB4B723-FF79-4F78-B1B5-35959EEFB52F}.Debug|Any CPU.ActiveCfg = Debug|Any CPU
		{BAB4B723-FF79-4F78-B1B5-35959EEFB52F}.Debug|Any CPU.Build.0 = Debug|Any CPU
		{BAB4B723-FF79-4F78-B1B5-35959EEFB52F}.Release|Any CPU.ActiveCfg = Release|Any CPU
		{BAB4B723-FF79-4F78-B1B5-35959EEFB52F}.Release|Any CPU.Build.0 = Release|Any CPU
		{AEDE95A2-2723-41B2-9DC7-9EFBD3CD24C8}.Debug|Any CPU.ActiveCfg = Debug|Any CPU
		{AEDE95A2-2723-41B2-9DC7-9EFBD3CD24C8}.Debug|Any CPU.Build.0 = Debug|Any CPU
		{AEDE95A2-2723-41B2-9DC7-9EFBD3CD24C8}.Release|Any CPU.ActiveCfg = Release|Any CPU
		{AEDE95A2-2723-41B2-9DC7-9EFBD3CD24C8}.Release|Any CPU.Build.0 = Release|Any CPU
		{9122744F-C81C-4403-9C02-F371369262C6}.Debug|Any CPU.ActiveCfg = Debug|Any CPU
		{9122744F-C81C-4403-9C02-F371369262C6}.Debug|Any CPU.Build.0 = Debug|Any CPU
		{9122744F-C81C-4403-9C02-F371369262C6}.Release|Any CPU.ActiveCfg = Release|Any CPU
		{9122744F-C81C-4403-9C02-F371369262C6}.Release|Any CPU.Build.0 = Release|Any CPU
	EndGlobalSection
	GlobalSection(SolutionProperties) = preSolution
		HideSolutionNode = FALSE
	EndGlobalSection
	GlobalSection(ExtensibilityGlobals) = postSolution
		SolutionGuid = {99AE4E2C-822E-495B-ADCE-7B44E1AF337B}
	EndGlobalSection
EndGlobal
