
Microsoft Visual Studio Solution File, Format Version 12.00
# Visual Studio Version 17
VisualStudioVersion = 17.11.34919.43
MinimumVisualStudioVersion = 10.0.40219.1
Project("{9A19103F-16F7-4668-BE54-9A1E7A4F7556}") = "01 - Hello Semantic Kernel", "01 - Hello Semantic Kernel\01 - Hello Semantic Kernel.csproj", "{DBB577F3-04C3-4582-A5D7-7822C0FB0C47}"
EndProject
Project("{9A19103F-16F7-4668-BE54-9A1E7A4F7556}") = "02 - Add Chat History", "02 - Add Chat History\02 - Add Chat History.csproj", "{A0006229-1928-4F17-B41D-4E98DF42787F}"
EndProject
Project("{9A19103F-16F7-4668-BE54-9A1E7A4F7556}") = "03 - Add Plugin (Function Call)", "03 - Add Plugin (Function Call)\03 - Add Plugin (Function Call).csproj", "{EB0B667E-5442-4C37-8D5A-F431C046DB66}"
EndProject
Project("{9A19103F-16F7-4668-BE54-9A1E7A4F7556}") = "04 - Add Logging", "04 - Add Logging\04 - Add Logging.csproj", "{7FAD416C-F33E-4FB9-8476-B1CD09919775}"
EndProject
Project("{9A19103F-16F7-4668-BE54-9A1E7A4F7556}") = "05 - Add Plugin (Bing Search)", "05 - Add Plugin (Bing Search)\05 - Add Plugin (Bing Search).csproj", "{5D5BB9D0-CCB6-41D6-A9E7-880452765466}"
EndProject
Project("{9A19103F-16F7-4668-BE54-9A1E7A4F7556}") = "06 - Modifying Kernel Behavior with Dependency Injection", "06 - Modifying Kernel Behavior with Dependency Injection\06 - Modifying Kernel Behavior with Dependency Injection.csproj", "{43F49424-DAFC-4768-AF8B-8DC86EF5B55A}"
EndProject
Project("{9A19103F-16F7-4668-BE54-9A1E7A4F7556}") = "07 - Using Semantic Kernel in WebApp", "07 - Using Semantic Kernel in WebApp\07 - Using Semantic Kernel in WebApp.csproj", "{CFF33EC5-A1E6-4129-81DF-3EC9FCCE62BF}"
EndProject

Global
	GlobalSection(SolutionConfigurationPlatforms) = preSolution
		Debug|Any CPU = Debug|Any CPU
		Release|Any CPU = Release|Any CPU
	EndGlobalSection
	GlobalSection(ProjectConfigurationPlatforms) = postSolution
		{DBB577F3-04C3-4582-A5D7-7822C0FB0C47}.Debug|Any CPU.ActiveCfg = Debug|Any CPU
		{DBB577F3-04C3-4582-A5D7-7822C0FB0C47}.Debug|Any CPU.Build.0 = Debug|Any CPU
		{DBB577F3-04C3-4582-A5D7-7822C0FB0C47}.Release|Any CPU.ActiveCfg = Release|Any CPU
		{DBB577F3-04C3-4582-A5D7-7822C0FB0C47}.Release|Any CPU.Build.0 = Release|Any CPU
		{A0006229-1928-4F17-B41D-4E98DF42787F}.Debug|Any CPU.ActiveCfg = Debug|Any CPU
		{A0006229-1928-4F17-B41D-4E98DF42787F}.Debug|Any CPU.Build.0 = Debug|Any CPU
		{A0006229-1928-4F17-B41D-4E98DF42787F}.Release|Any CPU.ActiveCfg = Release|Any CPU
		{A0006229-1928-4F17-B41D-4E98DF42787F}.Release|Any CPU.Build.0 = Release|Any CPU
		{EB0B667E-5442-4C37-8D5A-F431C046DB66}.Debug|Any CPU.ActiveCfg = Debug|Any CPU
		{EB0B667E-5442-4C37-8D5A-F431C046DB66}.Debug|Any CPU.Build.0 = Debug|Any CPU
		{EB0B667E-5442-4C37-8D5A-F431C046DB66}.Release|Any CPU.ActiveCfg = Release|Any CPU
		{EB0B667E-5442-4C37-8D5A-F431C046DB66}.Release|Any CPU.Build.0 = Release|Any CPU
		{5D5BB9D0-CCB6-41D6-A9E7-880452765466}.Debug|Any CPU.ActiveCfg = Debug|Any CPU
		{5D5BB9D0-CCB6-41D6-A9E7-880452765466}.Debug|Any CPU.Build.0 = Debug|Any CPU
		{5D5BB9D0-CCB6-41D6-A9E7-880452765466}.Release|Any CPU.ActiveCfg = Release|Any CPU
		{5D5BB9D0-CCB6-41D6-A9E7-880452765466}.Release|Any CPU.Build.0 = Release|Any CPU
		{43F49424-DAFC-4768-AF8B-8DC86EF5B55A}.Debug|Any CPU.ActiveCfg = Debug|Any CPU
		{43F49424-DAFC-4768-AF8B-8DC86EF5B55A}.Debug|Any CPU.Build.0 = Debug|Any CPU
		{43F49424-DAFC-4768-AF8B-8DC86EF5B55A}.Release|Any CPU.ActiveCfg = Release|Any CPU
		{43F49424-DAFC-4768-AF8B-8DC86EF5B55A}.Release|Any CPU.Build.0 = Release|Any CPU
		{CFF33EC5-A1E6-4129-81DF-3EC9FCCE62BF}.Debug|Any CPU.ActiveCfg = Debug|Any CPU
		{CFF33EC5-A1E6-4129-81DF-3EC9FCCE62BF}.Debug|Any CPU.Build.0 = Debug|Any CPU
		{CFF33EC5-A1E6-4129-81DF-3EC9FCCE62BF}.Release|Any CPU.ActiveCfg = Release|Any CPU
		{CFF33EC5-A1E6-4129-81DF-3EC9FCCE62BF}.Release|Any CPU.Build.0 = Release|Any CPU
		{7FAD416C-F33E-4FB9-8476-B1CD09919775}.Debug|Any CPU.ActiveCfg = Debug|Any CPU
		{7FAD416C-F33E-4FB9-8476-B1CD09919775}.Debug|Any CPU.Build.0 = Debug|Any CPU
		{7FAD416C-F33E-4FB9-8476-B1CD09919775}.Release|Any CPU.ActiveCfg = Release|Any CPU
		{7FAD416C-F33E-4FB9-8476-B1CD09919775}.Release|Any CPU.Build.0 = Release|Any CPU
	EndGlobalSection
	GlobalSection(SolutionProperties) = preSolution
		HideSolutionNode = FALSE
	EndGlobalSection
	GlobalSection(ExtensibilityGlobals) = postSolution
		SolutionGuid = {095E9EF4-F242-4662-B729-E86D961B7024}
	EndGlobalSection
EndGlobal
