
Microsoft Visual Studio Solution File, Format Version 12.00
# Visual Studio Version 17
VisualStudioVersion = 17.5.002.0
MinimumVisualStudioVersion = 10.0.40219.1
Project("{9A19103F-16F7-4668-BE54-9A1E7A4F7556}") = "HikerAI", "HikerAI.csproj", "{2B44E33E-6784-4B3D-9F76-04C29B6D80AA}"
EndProject
Global
	GlobalSection(SolutionConfigurationPlatforms) = preSolution
		Debug|Any CPU = Debug|Any CPU
		Release|Any CPU = Release|Any CPU
	EndGlobalSection
	GlobalSection(ProjectConfigurationPlatforms) = postSolution
		{2B44E33E-6784-4B3D-9F76-04C29B6D80AA}.Debug|Any CPU.ActiveCfg = Debug|Any CPU
		{2B44E33E-6784-4B3D-9F76-04C29B6D80AA}.Debug|Any CPU.Build.0 = Debug|Any CPU
		{2B44E33E-6784-4B3D-9F76-04C29B6D80AA}.Release|Any CPU.ActiveCfg = Release|Any CPU
		{2B44E33E-6784-4B3D-9F76-04C29B6D80AA}.Release|Any CPU.Build.0 = Release|Any CPU
	EndGlobalSection
	GlobalSection(SolutionProperties) = preSolution
		HideSolutionNode = FALSE
	EndGlobalSection
	GlobalSection(ExtensibilityGlobals) = postSolution
		SolutionGuid = {1616C642-BB70-4F43-8A5E-8F382D80A817}
	EndGlobalSection
EndGlobal
