
Microsoft Visual Studio Solution File, Format Version 12.00
# Visual Studio Version 17
VisualStudioVersion = 17.9.34728.123
MinimumVisualStudioVersion = 10.0.40219.1
Project("{2150E333-8FDC-42A3-9474-1A3956D46DE8}") = "Core", "Core", "{99214912-11D2-4D2B-9C27-D2E2AC307EE9}"
EndProject
Project("{2150E333-8FDC-42A3-9474-1A3956D46DE8}") = "Content Creators and Generators", "Content Creators and Generators", "{4885840A-33CC-4C16-8206-08153B814FBF}"
EndProject
Project("{9A19103F-16F7-4668-BE54-9A1E7A4F7556}") = "QACreator", "QACreator\QACreator.csproj", "{9174EB66-84B7-4E78-9147-9BC88F626D8F}"
EndProject
Project("{9A19103F-16F7-4668-BE54-9A1E7A4F7556}") = "QAGenerator", "QAGenerator\QAGenerator.csproj", "{2AD302F1-012C-46E2-9932-FD2C94122193}"
EndProject
Project("{9A19103F-16F7-4668-BE54-9A1E7A4F7556}") = "UserStoryGenerator", "UserStoryGenerator\UserStoryGenerator.csproj", "{DA9E48CF-4047-4867-AC88-CC42D13CBB57}"
EndProject
Project("{9A19103F-16F7-4668-BE54-9A1E7A4F7556}") = "UserStoryCreator", "UserStoryCreator\UserStoryCreator.csproj", "{79410A16-AB5E-4F30-A367-0DAC8A91C2DC}"
EndProject
Project("{9A19103F-16F7-4668-BE54-9A1E7A4F7556}") = "LLMEval.Core", "LLMEval.Core\LLMEval.Core.csproj", "{E96C51E6-253D-465D-B2EB-12CBA5BB36A0}"
EndProject
Project("{9A19103F-16F7-4668-BE54-9A1E7A4F7556}") = "LLMEval.Data", "LLMEval.Data\LLMEval.Data.csproj", "{A857ABBF-8091-414B-BBD2-0135CEFE304C}"
EndProject
Project("{9A19103F-16F7-4668-BE54-9A1E7A4F7556}") = "LLMEval.Outputs", "LLMEval.Outputs\LLMEval.Outputs.csproj", "{AD8A5E98-74EC-42F4-9FB2-32E772A44B3E}"
EndProject
Project("{9A19103F-16F7-4668-BE54-9A1E7A4F7556}") = "LLMEval.Test", "LLMEval.Test\LLMEval.Test.csproj", "{B5AFB9D1-C857-4D32-BF16-383E527B236E}"
EndProject
Global
	GlobalSection(SolutionConfigurationPlatforms) = preSolution
		Debug|Any CPU = Debug|Any CPU
		Release|Any CPU = Release|Any CPU
	EndGlobalSection
	GlobalSection(ProjectConfigurationPlatforms) = postSolution
		{9174EB66-84B7-4E78-9147-9BC88F626D8F}.Debug|Any CPU.ActiveCfg = Debug|Any CPU
		{9174EB66-84B7-4E78-9147-9BC88F626D8F}.Debug|Any CPU.Build.0 = Debug|Any CPU
		{9174EB66-84B7-4E78-9147-9BC88F626D8F}.Release|Any CPU.ActiveCfg = Release|Any CPU
		{9174EB66-84B7-4E78-9147-9BC88F626D8F}.Release|Any CPU.Build.0 = Release|Any CPU
		{2AD302F1-012C-46E2-9932-FD2C94122193}.Debug|Any CPU.ActiveCfg = Debug|Any CPU
		{2AD302F1-012C-46E2-9932-FD2C94122193}.Debug|Any CPU.Build.0 = Debug|Any CPU
		{2AD302F1-012C-46E2-9932-FD2C94122193}.Release|Any CPU.ActiveCfg = Release|Any CPU
		{2AD302F1-012C-46E2-9932-FD2C94122193}.Release|Any CPU.Build.0 = Release|Any CPU
		{DA9E48CF-4047-4867-AC88-CC42D13CBB57}.Debug|Any CPU.ActiveCfg = Debug|Any CPU
		{DA9E48CF-4047-4867-AC88-CC42D13CBB57}.Debug|Any CPU.Build.0 = Debug|Any CPU
		{DA9E48CF-4047-4867-AC88-CC42D13CBB57}.Release|Any CPU.ActiveCfg = Release|Any CPU
		{DA9E48CF-4047-4867-AC88-CC42D13CBB57}.Release|Any CPU.Build.0 = Release|Any CPU
		{79410A16-AB5E-4F30-A367-0DAC8A91C2DC}.Debug|Any CPU.ActiveCfg = Debug|Any CPU
		{79410A16-AB5E-4F30-A367-0DAC8A91C2DC}.Debug|Any CPU.Build.0 = Debug|Any CPU
		{79410A16-AB5E-4F30-A367-0DAC8A91C2DC}.Release|Any CPU.ActiveCfg = Release|Any CPU
		{79410A16-AB5E-4F30-A367-0DAC8A91C2DC}.Release|Any CPU.Build.0 = Release|Any CPU
		{E96C51E6-253D-465D-B2EB-12CBA5BB36A0}.Debug|Any CPU.ActiveCfg = Debug|Any CPU
		{E96C51E6-253D-465D-B2EB-12CBA5BB36A0}.Debug|Any CPU.Build.0 = Debug|Any CPU
		{E96C51E6-253D-465D-B2EB-12CBA5BB36A0}.Release|Any CPU.ActiveCfg = Release|Any CPU
		{E96C51E6-253D-465D-B2EB-12CBA5BB36A0}.Release|Any CPU.Build.0 = Release|Any CPU
		{A857ABBF-8091-414B-BBD2-0135CEFE304C}.Debug|Any CPU.ActiveCfg = Debug|Any CPU
		{A857ABBF-8091-414B-BBD2-0135CEFE304C}.Debug|Any CPU.Build.0 = Debug|Any CPU
		{A857ABBF-8091-414B-BBD2-0135CEFE304C}.Release|Any CPU.ActiveCfg = Release|Any CPU
		{A857ABBF-8091-414B-BBD2-0135CEFE304C}.Release|Any CPU.Build.0 = Release|Any CPU
		{AD8A5E98-74EC-42F4-9FB2-32E772A44B3E}.Debug|Any CPU.ActiveCfg = Debug|Any CPU
		{AD8A5E98-74EC-42F4-9FB2-32E772A44B3E}.Debug|Any CPU.Build.0 = Debug|Any CPU
		{AD8A5E98-74EC-42F4-9FB2-32E772A44B3E}.Release|Any CPU.ActiveCfg = Release|Any CPU
		{AD8A5E98-74EC-42F4-9FB2-32E772A44B3E}.Release|Any CPU.Build.0 = Release|Any CPU
		{B5AFB9D1-C857-4D32-BF16-383E527B236E}.Debug|Any CPU.ActiveCfg = Debug|Any CPU
		{B5AFB9D1-C857-4D32-BF16-383E527B236E}.Debug|Any CPU.Build.0 = Debug|Any CPU
		{B5AFB9D1-C857-4D32-BF16-383E527B236E}.Release|Any CPU.ActiveCfg = Release|Any CPU
		{B5AFB9D1-C857-4D32-BF16-383E527B236E}.Release|Any CPU.Build.0 = Release|Any CPU
	EndGlobalSection
	GlobalSection(SolutionProperties) = preSolution
		HideSolutionNode = FALSE
	EndGlobalSection
	GlobalSection(NestedProjects) = preSolution
		{9174EB66-84B7-4E78-9147-9BC88F626D8F} = {4885840A-33CC-4C16-8206-08153B814FBF}
		{2AD302F1-012C-46E2-9932-FD2C94122193} = {4885840A-33CC-4C16-8206-08153B814FBF}
		{DA9E48CF-4047-4867-AC88-CC42D13CBB57} = {4885840A-33CC-4C16-8206-08153B814FBF}
		{79410A16-AB5E-4F30-A367-0DAC8A91C2DC} = {4885840A-33CC-4C16-8206-08153B814FBF}
		{E96C51E6-253D-465D-B2EB-12CBA5BB36A0} = {99214912-11D2-4D2B-9C27-D2E2AC307EE9}
		{A857ABBF-8091-414B-BBD2-0135CEFE304C} = {99214912-11D2-4D2B-9C27-D2E2AC307EE9}
		{AD8A5E98-74EC-42F4-9FB2-32E772A44B3E} = {99214912-11D2-4D2B-9C27-D2E2AC307EE9}
	EndGlobalSection
	GlobalSection(ExtensibilityGlobals) = postSolution
		SolutionGuid = {54BE68B7-9119-4870-8CBC-54A766CF7698}
	EndGlobalSection
EndGlobal
