
Microsoft Visual Studio Solution File, Format Version 12.00
# Visual Studio Version 17
VisualStudioVersion = 17.0.31903.59
MinimumVisualStudioVersion = 10.0.40219.1
Project("{FAE04EC0-301F-11D3-BF4B-00C04F79EFBC}") = "AzureAIInferenceExamples", "AzureAIInferenceExamples\AzureAIInferenceExamples.csproj", "{F7F58A98-2907-4098-AC23-FEA05FD5ADB4}"
EndProject
Project("{FAE04EC0-301F-11D3-BF4B-00C04F79EFBC}") = "AzureAIWebAPI", "AzureAIWebAPI\AzureAIWebAPI.csproj", "{43B2C12E-F536-46EF-97D5-3198EE85F65E}"
EndProject
Global
	GlobalSection(SolutionConfigurationPlatforms) = preSolution
		Debug|Any CPU = Debug|Any CPU
		Release|Any CPU = Release|Any CPU
	EndGlobalSection
	GlobalSection(SolutionProperties) = preSolution
		HideSolutionNode = FALSE
	EndGlobalSection
	GlobalSection(ProjectConfigurationPlatforms) = postSolution
		{F7F58A98-2907-4098-AC23-FEA05FD5ADB4}.Debug|Any CPU.ActiveCfg = Debug|Any CPU
		{F7F58A98-2907-4098-AC23-FEA05FD5ADB4}.Debug|Any CPU.Build.0 = Debug|Any CPU
		{F7F58A98-2907-4098-AC23-FEA05FD5ADB4}.Release|Any CPU.ActiveCfg = Release|Any CPU
		{F7F58A98-2907-4098-AC23-FEA05FD5ADB4}.Release|Any CPU.Build.0 = Release|Any CPU
		{43B2C12E-F536-46EF-97D5-3198EE85F65E}.Debug|Any CPU.ActiveCfg = Debug|Any CPU
		{43B2C12E-F536-46EF-97D5-3198EE85F65E}.Debug|Any CPU.Build.0 = Debug|Any CPU
		{43B2C12E-F536-46EF-97D5-3198EE85F65E}.Release|Any CPU.ActiveCfg = Release|Any CPU
		{43B2C12E-F536-46EF-97D5-3198EE85F65E}.Release|Any CPU.Build.0 = Release|Any CPU
	EndGlobalSection
EndGlobal
