
Microsoft Visual Studio Solution File, Format Version 12.00
# Visual Studio Version 17
VisualStudioVersion = 17.11.34919.43
MinimumVisualStudioVersion = 10.0.40219.1
Project("{FAE04EC0-301F-11D3-BF4B-00C04F79EFBC}") = "01 - Hello Semantic Kernel", "01 - Hello Semantic Kernel\01 - Hello Semantic Kernel.csproj", "{DBB577F3-04C3-4582-A5D7-7822C0FB0C47}"
EndProject
Project("{FAE04EC0-301F-11D3-BF4B-00C04F79EFBC}") = "02 - Adding Chat History", "02 - Adding Chat History\02 - Adding Chat History.csproj", "{A0006229-1928-4F17-B41D-4E98DF42787F}"
EndProject
Project("{FAE04EC0-301F-11D3-BF4B-00C04F79EFBC}") = "03 - Adding Plugins (Function Calls)", "03 - Adding Plugins (Function Calls)\03 - Adding Plugins (Function Calls).csproj", "{EB0B667E-5442-4C37-8D5A-F431C046DB66}"
EndProject
Project("{FAE04EC0-301F-11D3-BF4B-00C04F79EFBC}") = "04 - Adding Plugins(Bing Search)", "04-Adding Plugins(Bing Search)\04 - Adding Plugins(Bing Search).csproj", "{5D5BB9D0-CCB6-41D6-A9E7-880452765466}"
EndProject
Global
	GlobalSection(SolutionConfigurationPlatforms) = preSolution
		Debug|Any CPU = Debug|Any CPU
		Release|Any CPU = Release|Any CPU
	EndGlobalSection
	GlobalSection(ProjectConfigurationPlatforms) = postSolution
		{DBB577F3-04C3-4582-A5D7-7822C0FB0C47}.Debug|Any CPU.ActiveCfg = Debug|Any CPU
		{DBB577F3-04C3-4582-A5D7-7822C0FB0C47}.Debug|Any CPU.Build.0 = Debug|Any CPU
		{DBB577F3-04C3-4582-A5D7-7822C0FB0C47}.Release|Any CPU.ActiveCfg = Release|Any CPU
		{DBB577F3-04C3-4582-A5D7-7822C0FB0C47}.Release|Any CPU.Build.0 = Release|Any CPU
		{A0006229-1928-4F17-B41D-4E98DF42787F}.Debug|Any CPU.ActiveCfg = Debug|Any CPU
		{A0006229-1928-4F17-B41D-4E98DF42787F}.Debug|Any CPU.Build.0 = Debug|Any CPU
		{A0006229-1928-4F17-B41D-4E98DF42787F}.Release|Any CPU.ActiveCfg = Release|Any CPU
		{A0006229-1928-4F17-B41D-4E98DF42787F}.Release|Any CPU.Build.0 = Release|Any CPU
		{EB0B667E-5442-4C37-8D5A-F431C046DB66}.Debug|Any CPU.ActiveCfg = Debug|Any CPU
		{EB0B667E-5442-4C37-8D5A-F431C046DB66}.Debug|Any CPU.Build.0 = Debug|Any CPU
		{EB0B667E-5442-4C37-8D5A-F431C046DB66}.Release|Any CPU.ActiveCfg = Release|Any CPU
		{EB0B667E-5442-4C37-8D5A-F431C046DB66}.Release|Any CPU.Build.0 = Release|Any CPU
		{5D5BB9D0-CCB6-41D6-A9E7-880452765466}.Debug|Any CPU.ActiveCfg = Debug|Any CPU
		{5D5BB9D0-CCB6-41D6-A9E7-880452765466}.Debug|Any CPU.Build.0 = Debug|Any CPU
		{5D5BB9D0-CCB6-41D6-A9E7-880452765466}.Release|Any CPU.ActiveCfg = Release|Any CPU
		{5D5BB9D0-CCB6-41D6-A9E7-880452765466}.Release|Any CPU.Build.0 = Release|Any CPU
	EndGlobalSection
	GlobalSection(SolutionProperties) = preSolution
		HideSolutionNode = FALSE
	EndGlobalSection
	GlobalSection(ExtensibilityGlobals) = postSolution
		SolutionGuid = {095E9EF4-F242-4662-B729-E86D961B7024}
	EndGlobalSection
EndGlobal
