Microsoft Visual Studio Solution File, Format Version 12.00
# Visual Studio Version 17
VisualStudioVersion = 17.5.2.0
MinimumVisualStudioVersion = 10.0.40219.1
Project("{FAE04EC0-301F-11D3-BF4B-00C04F79EFBC}") = "ai-foundry-samples", "ai-foundry-samples.csproj", "{60C47A6A-DE69-B463-758F-72386B90EEF9}"
EndProject
Global
	GlobalSection(SolutionConfigurationPlatforms) = preSolution
		Debug|Any CPU = Debug|Any CPU
		Release|Any CPU = Release|Any CPU
	EndGlobalSection
	GlobalSection(ProjectConfigurationPlatforms) = postSolution
		{60C47A6A-DE69-B463-758F-72386B90EEF9}.Debug|Any CPU.ActiveCfg = Debug|Any CPU
		{60C47A6A-DE69-B463-758F-72386B90EEF9}.Debug|Any CPU.Build.0 = Debug|Any CPU
		{60C47A6A-DE69-B463-758F-72386B90EEF9}.Release|Any CPU.ActiveCfg = Release|Any CPU
		{60C47A6A-DE69-B463-758F-72386B90EEF9}.Release|Any CPU.Build.0 = Release|Any CPU
	EndGlobalSection
	GlobalSection(SolutionProperties) = preSolution
		HideSolutionNode = FALSE
	EndGlobalSection
	GlobalSection(ExtensibilityGlobals) = postSolution
		SolutionGuid = {E519EA6E-7C38-4AF1-8162-48BD9D6A245B}
	EndGlobalSection
EndGlobal
