
Microsoft Visual Studio Solution File, Format Version 12.00
# Visual Studio Version 17
VisualStudioVersion = 17.5.002.0
MinimumVisualStudioVersion = 10.0.40219.1
Project("{9A19103F-16F7-4668-BE54-9A1E7A4F7556}") = "Torchsharp-phi", "Torchsharp-phi.csproj", "{82F77C34-779B-4D12-9B9C-B32DC14D77B4}"
EndProject
Global
	GlobalSection(SolutionConfigurationPlatforms) = preSolution
		Debug|Any CPU = Debug|Any CPU
		Release|Any CPU = Release|Any CPU
	EndGlobalSection
	GlobalSection(ProjectConfigurationPlatforms) = postSolution
		{82F77C34-779B-4D12-9B9C-B32DC14D77B4}.Debug|Any CPU.ActiveCfg = Debug|Any CPU
		{82F77C34-779B-4D12-9B9C-B32DC14D77B4}.Debug|Any CPU.Build.0 = Debug|Any CPU
		{82F77C34-779B-4D12-9B9C-B32DC14D77B4}.Release|Any CPU.ActiveCfg = Release|Any CPU
		{82F77C34-779B-4D12-9B9C-B32DC14D77B4}.Release|Any CPU.Build.0 = Release|Any CPU
	EndGlobalSection
	GlobalSection(SolutionProperties) = preSolution
		HideSolutionNode = FALSE
	EndGlobalSection
	GlobalSection(ExtensibilityGlobals) = postSolution
		SolutionGuid = {1711A5EC-30AC-44A6-9E38-638218240697}
	EndGlobalSection
EndGlobal
